
Microsoft Visual Studio Solution File, Format Version 12.00
# Visual Studio 15
Project("{FAE04EC0-301F-11D3-BF4B-00C04F79EFBC}") = "Unity.Timeline", "Unity.Timeline.csproj", "{D1DF88A2-7A0A-9B73-5AEB-0A14674D5BC3}"
EndProject
Project("{FAE04EC0-301F-11D3-BF4B-00C04F79EFBC}") = "Unity.Timeline.Editor", "Unity.Timeline.Editor.csproj", "{DF5FF2C8-02A3-58F9-6AD3-6231700A80A7}"
EndProject
Project("{FAE04EC0-301F-11D3-BF4B-00C04F79EFBC}") = "Unity.ShaderGraph.Editor", "Unity.ShaderGraph.Editor.csproj", "{0407831C-E158-3B4C-958C-8764DAAF4515}"
EndProject
Project("{FAE04EC0-301F-11D3-BF4B-00C04F79EFBC}") = "Unity.RenderPipelines.Universal.Editor", "Unity.RenderPipelines.Universal.Editor.csproj", "{B3CB6EC4-8AC2-58A6-032F-AE5F31E85DD6}"
EndProject
Project("{FAE04EC0-301F-11D3-BF4B-00C04F79EFBC}") = "Unity.TextMeshPro.Editor", "Unity.TextMeshPro.Editor.csproj", "{2FBF4324-2DBD-34A4-326B-2D4909E33BA4}"
EndProject
Project("{FAE04EC0-301F-11D3-BF4B-00C04F79EFBC}") = "Unity.VisualScripting.Flow", "Unity.VisualScripting.Flow.csproj", "{3E835B07-DB3D-249C-2F93-9A1387E73721}"
EndProject
Project("{FAE04EC0-301F-11D3-BF4B-00C04F79EFBC}") = "Unity.RenderPipelines.Universal.Runtime", "Unity.RenderPipelines.Universal.Runtime.csproj", "{FDA752E3-3AD2-2DDE-A491-27C8E6C86109}"
EndProject
Project("{FAE04EC0-301F-11D3-BF4B-00C04F79EFBC}") = "Unity.ProBuilder", "Unity.ProBuilder.csproj", "{23A463A8-7DC4-4C09-C46C-EAD3A45575CD}"
EndProject
Project("{FAE04EC0-301F-11D3-BF4B-00C04F79EFBC}") = "UnityEditor.UI", "UnityEditor.UI.csproj", "{934B26A2-5AD9-6FFB-279A-0443269D0CBA}"
EndProject
Project("{FAE04EC0-301F-11D3-BF4B-00C04F79EFBC}") = "Unity.PlasticSCM.Editor", "Unity.PlasticSCM.Editor.csproj", "{942F4627-32AA-36A6-C582-723B630ACF0A}"
EndProject
Project("{FAE04EC0-301F-11D3-BF4B-00C04F79EFBC}") = "Assembly-CSharp", "Assembly-CSharp.csproj", "{E92A53D9-1BD2-A848-DA7A-660EB839BB41}"
EndProject
Project("{FAE04EC0-301F-11D3-BF4B-00C04F79EFBC}") = "Unity.RenderPipelines.Core.Runtime", "Unity.RenderPipelines.Core.Runtime.csproj", "{39A7015D-F6E5-1F61-3C8E-BFE4527D6879}"
EndProject
Project("{FAE04EC0-301F-11D3-BF4B-00C04F79EFBC}") = "Unity.VisualScripting.Core", "Unity.VisualScripting.Core.csproj", "{D2CBD4A7-49D6-1985-FB59-E0E076F2F052}"
EndProject
Project("{FAE04EC0-301F-11D3-BF4B-00C04F79EFBC}") = "Unity.ProBuilder.Editor", "Unity.ProBuilder.Editor.csproj", "{02DF18AD-A9F2-7027-8158-ECD52E202FDA}"
EndProject
Project("{FAE04EC0-301F-11D3-BF4B-00C04F79EFBC}") = "Unity.Mathematics", "Unity.Mathematics.csproj", "{6C14C8AB-17C4-8212-CF27-2101AD2FB27B}"
EndProject
Project("{FAE04EC0-301F-11D3-BF4B-00C04F79EFBC}") = "Unity.RenderPipelines.Core.Editor", "Unity.RenderPipelines.Core.Editor.csproj", "{32C9EFA0-403F-048A-385A-BBA7F778F0B1}"
EndProject
Project("{FAE04EC0-301F-11D3-BF4B-00C04F79EFBC}") = "Unity.VisualScripting.Core.Editor", "Unity.VisualScripting.Core.Editor.csproj", "{4B0ECE56-D3DD-6B2A-B5F1-E8EEBFFA1C12}"
EndProject
Project("{FAE04EC0-301F-11D3-BF4B-00C04F79EFBC}") = "Unity.VisualScripting.Flow.Editor", "Unity.VisualScripting.Flow.Editor.csproj", "{180AA181-DC5C-D17D-BFFC-F7A1A29BE4E5}"
EndProject
Project("{FAE04EC0-301F-11D3-BF4B-00C04F79EFBC}") = "UnityEditor.TestRunner", "UnityEditor.TestRunner.csproj", "{25550F39-B391-CD96-E387-3996462FD6AF}"
EndProject
Project("{FAE04EC0-301F-11D3-BF4B-00C04F79EFBC}") = "Unity.ProBuilder.Poly2Tri", "Unity.ProBuilder.Poly2Tri.csproj", "{0109A16D-76B4-5CCC-D88B-441AEAA34C90}"
EndProject
Project("{FAE04EC0-301F-11D3-BF4B-00C04F79EFBC}") = "Unity.VisualScripting.SettingsProvider.Editor", "Unity.VisualScripting.SettingsProvider.Editor.csproj", "{44ECE740-8E5A-1BF4-82D3-64246DE638E5}"
EndProject
Project("{FAE04EC0-301F-11D3-BF4B-00C04F79EFBC}") = "UnityEngine.TestRunner", "UnityEngine.TestRunner.csproj", "{FFAC1E56-D4B1-E501-88F6-7A3EFE2F01D6}"
EndProject
Project("{FAE04EC0-301F-11D3-BF4B-00C04F79EFBC}") = "Unity.Searcher.Editor", "Unity.Searcher.Editor.csproj", "{2E40E960-A047-B5B6-3921-3469A526E3B9}"
EndProject
Project("{FAE04EC0-301F-11D3-BF4B-00C04F79EFBC}") = "Unity.Burst", "Unity.Burst.csproj", "{D9D74FE0-966F-63A1-37B0-6EBD4466A099}"
EndProject
Project("{FAE04EC0-301F-11D3-BF4B-00C04F79EFBC}") = "UnityEngine.UI", "UnityEngine.UI.csproj", "{5922738F-4CAD-14B6-5373-A25FB9100BB6}"
EndProject
Project("{FAE04EC0-301F-11D3-BF4B-00C04F79EFBC}") = "Unity.ProBuilder.Csg", "Unity.ProBuilder.Csg.csproj", "{48EB3A0F-B196-7457-A8A6-C6031142F683}"
EndProject
Project("{FAE04EC0-301F-11D3-BF4B-00C04F79EFBC}") = "Unity.AI.Navigation.Editor", "Unity.AI.Navigation.Editor.csproj", "{B6391738-19A4-0725-D0A6-E573D6C18D56}"
EndProject
Project("{FAE04EC0-301F-11D3-BF4B-00C04F79EFBC}") = "Unity.VisualStudio.Editor", "Unity.VisualStudio.Editor.csproj", "{67CB0734-FD0D-D775-38B0-B6E1ED1C3386}"
EndProject
Project("{FAE04EC0-301F-11D3-BF4B-00C04F79EFBC}") = "PPv2URPConverters", "PPv2URPConverters.csproj", "{19F30D63-8907-A0BD-FAEB-3DF207EDC5DD}"
EndProject
Project("{FAE04EC0-301F-11D3-BF4B-00C04F79EFBC}") = "Unity.Rider.Editor", "Unity.Rider.Editor.csproj", "{46D97279-87AF-3960-4E53-BA8853F3CA63}"
EndProject
Project("{FAE04EC0-301F-11D3-BF4B-00C04F79EFBC}") = "Unity.AI.Navigation", "Unity.AI.Navigation.csproj", "{8BD37F80-9DAA-ECD0-9C01-2D7A98612ED8}"
EndProject
Project("{FAE04EC0-301F-11D3-BF4B-00C04F79EFBC}") = "Unity.AI.Navigation.Editor.ConversionSystem", "Unity.AI.Navigation.Editor.ConversionSystem.csproj", "{56B07C0F-0BFB-048B-29A3-FAEA2A886DA4}"
EndProject
Project("{FAE04EC0-301F-11D3-BF4B-00C04F79EFBC}") = "Unity.VisualScripting.State.Editor", "Unity.VisualScripting.State.Editor.csproj", "{D206FA86-E17A-C782-5F69-EC5C87AD47A1}"
EndProject
Project("{FAE04EC0-301F-11D3-BF4B-00C04F79EFBC}") = "Unity.Burst.CodeGen", "Unity.Burst.CodeGen.csproj", "{F8F34E1F-7D3D-2333-C1D7-EB1973EC863F}"
EndProject
Project("{FAE04EC0-301F-11D3-BF4B-00C04F79EFBC}") = "Unity.RenderPipeline.Universal.ShaderLibrary", "Unity.RenderPipeline.Universal.ShaderLibrary.csproj", "{F5D969EB-66D6-1245-1B5A-4C41FF00E5A4}"
EndProject
Project("{FAE04EC0-301F-11D3-BF4B-00C04F79EFBC}") = "Unity.VisualScripting.State", "Unity.VisualScripting.State.csproj", "{DEB76343-5588-03B4-F1C2-924D73399B69}"
EndProject
Project("{FAE04EC0-301F-11D3-BF4B-00C04F79EFBC}") = "Unity.TextMeshPro", "Unity.TextMeshPro.csproj", "{A67B562D-0FBB-2DC5-0D45-D6F6AF7F4189}"
EndProject
Project("{FAE04EC0-301F-11D3-BF4B-00C04F79EFBC}") = "Unity.VSCode.Editor", "Unity.VSCode.Editor.csproj", "{807AAC7D-D973-A2DD-9AB0-AB80791B6459}"
EndProject
Project("{FAE04EC0-301F-11D3-BF4B-00C04F79EFBC}") = "Assembly-CSharp-Editor", "Assembly-CSharp-Editor.csproj", "{2E32F078-60BA-5998-F2BD-7D0D42592CD4}"
EndProject
Project("{FAE04EC0-301F-11D3-BF4B-00C04F79EFBC}") = "Unity.Burst.Editor", "Unity.Burst.Editor.csproj", "{CA0ED872-F5F7-CA43-0050-B66251A54AAF}"
EndProject
Project("{FAE04EC0-301F-11D3-BF4B-00C04F79EFBC}") = "Unity.AI.Navigation.Updater", "Unity.AI.Navigation.Updater.csproj", "{ECE114CA-AED3-08B7-A91E-977AB2FC53F9}"
EndProject
Project("{FAE04EC0-301F-11D3-BF4B-00C04F79EFBC}") = "Unity.ProBuilder.Stl", "Unity.ProBuilder.Stl.csproj", "{85EF2562-E8A2-082D-A731-834D3FE915BC}"
EndProject
Project("{FAE04EC0-301F-11D3-BF4B-00C04F79EFBC}") = "Unity.Settings.Editor", "Unity.Settings.Editor.csproj", "{2F8FF450-5F46-FC13-28DC-10DB9BBEEE36}"
EndProject
Project("{FAE04EC0-301F-11D3-BF4B-00C04F79EFBC}") = "Unity.ProBuilder.AssetIdRemapUtility", "Unity.ProBuilder.AssetIdRemapUtility.csproj", "{D8559096-C3AD-D470-AD2D-508A999FF8B1}"
EndProject
Project("{FAE04EC0-301F-11D3-BF4B-00C04F79EFBC}") = "Unity.ProBuilder.KdTree", "Unity.ProBuilder.KdTree.csproj", "{8F8E9ED6-9E3E-9BE5-B287-41FD317CE22F}"
EndProject
Project("{FAE04EC0-301F-11D3-BF4B-00C04F79EFBC}") = "Unity.ShaderGraph.Utilities", "Unity.ShaderGraph.Utilities.csproj", "{BA6C6AC6-44B1-7070-14E5-3684419FC8DF}"
EndProject
Project("{FAE04EC0-301F-11D3-BF4B-00C04F79EFBC}") = "Unity.ProBuilder.AddOns.Editor", "Unity.ProBuilder.AddOns.Editor.csproj", "{21B5E74C-4345-A4D7-36B5-79AFACA9002D}"
EndProject
Project("{FAE04EC0-301F-11D3-BF4B-00C04F79EFBC}") = "Unity.Mathematics.Editor", "Unity.Mathematics.Editor.csproj", "{1F8CB20A-5D20-6F8E-D68A-4003617D7F47}"
EndProject
Project("{FAE04EC0-301F-11D3-BF4B-00C04F79EFBC}") = "Unity.VisualScripting.Shared.Editor", "Unity.VisualScripting.Shared.Editor.csproj", "{11C1020C-CE06-2429-B9FE-7E21569EFE2A}"
EndProject
Project("{FAE04EC0-301F-11D3-BF4B-00C04F79EFBC}") = "Unity.CollabProxy.Editor", "Unity.CollabProxy.Editor.csproj", "{2A62F28E-E69E-28B6-15AC-0DC86DC9A64A}"
EndProject
Project("{FAE04EC0-301F-11D3-BF4B-00C04F79EFBC}") = "Unity.RenderPipelines.ShaderGraph.ShaderGraphLibrary", "Unity.RenderPipelines.ShaderGraph.ShaderGraphLibrary.csproj", "{265314B8-5751-33DE-4D89-1C865B85B87A}"
EndProject
Project("{FAE04EC0-301F-11D3-BF4B-00C04F79EFBC}") = "Unity.RenderPipelines.Core.ShaderLibrary", "Unity.RenderPipelines.Core.ShaderLibrary.csproj", "{31E3E40A-DD95-2826-D805-5D3A8AB4643E}"
EndProject
Project("{FAE04EC0-301F-11D3-BF4B-00C04F79EFBC}") = "Unity.RenderPipelines.Universal.Shaders", "Unity.RenderPipelines.Universal.Shaders.csproj", "{E498E589-9B54-98B6-01FF-A5CE70E0AAC7}"
EndProject
Project("{FAE04EC0-301F-11D3-BF4B-00C04F79EFBC}") = "Unity.Timeline", "Unity.Timeline.Player.csproj", "{27BEF444-654C-A999-7F81-08B7B4408BA6}"
EndProject
Project("{FAE04EC0-301F-11D3-BF4B-00C04F79EFBC}") = "Unity.VisualScripting.Flow", "Unity.VisualScripting.Flow.Player.csproj", "{D15D67D8-EBA9-A688-1886-76D457644DC2}"
EndProject
Project("{FAE04EC0-301F-11D3-BF4B-00C04F79EFBC}") = "Unity.RenderPipelines.Universal.Runtime", "Unity.RenderPipelines.Universal.Runtime.Player.csproj", "{8F3FE13D-1D95-F61E-126F-40C6D750EDDC}"
EndProject
Project("{FAE04EC0-301F-11D3-BF4B-00C04F79EFBC}") = "Unity.ProBuilder", "Unity.ProBuilder.Player.csproj", "{D01278B1-F390-ACE8-E2D2-BE1CCB4032A4}"
EndProject
Project("{FAE04EC0-301F-11D3-BF4B-00C04F79EFBC}") = "Assembly-CSharp", "Assembly-CSharp.Player.csproj", "{C392B1AF-1A1B-860D-AAEF-3ACB23492DE2}"
EndProject
Project("{FAE04EC0-301F-11D3-BF4B-00C04F79EFBC}") = "Unity.RenderPipelines.Core.Runtime", "Unity.RenderPipelines.Core.Runtime.Player.csproj", "{C2F8812F-8390-904C-1F73-CD3552CBC5CE}"
EndProject
Project("{FAE04EC0-301F-11D3-BF4B-00C04F79EFBC}") = "Unity.VisualScripting.Core", "Unity.VisualScripting.Core.Player.csproj", "{7E2C8841-EB13-65AC-0516-42D5F3585424}"
EndProject
Project("{FAE04EC0-301F-11D3-BF4B-00C04F79EFBC}") = "Unity.Mathematics", "Unity.Mathematics.Player.csproj", "{95C5F111-71AB-0C81-5094-E25C909D948D}"
EndProject
Project("{FAE04EC0-301F-11D3-BF4B-00C04F79EFBC}") = "Unity.ProBuilder.Poly2Tri", "Unity.ProBuilder.Poly2Tri.Player.csproj", "{24C95C1F-2F3D-6559-C53C-69334D2AE670}"
EndProject
Project("{FAE04EC0-301F-11D3-BF4B-00C04F79EFBC}") = "UnityEngine.TestRunner", "UnityEngine.TestRunner.Player.csproj", "{F95CF847-ADA0-FE48-1D7C-C07DB6DA46ED}"
EndProject
Project("{FAE04EC0-301F-11D3-BF4B-00C04F79EFBC}") = "Unity.Burst", "Unity.Burst.Player.csproj", "{7D039044-6CAD-5497-418E-831AA6DD18E7}"
EndProject
Project("{FAE04EC0-301F-11D3-BF4B-00C04F79EFBC}") = "UnityEngine.UI", "UnityEngine.UI.Player.csproj", "{5D035BCB-E263-51F2-C004-4A2BBA0493B1}"
EndProject
Project("{FAE04EC0-301F-11D3-BF4B-00C04F79EFBC}") = "Unity.ProBuilder.Csg", "Unity.ProBuilder.Csg.Player.csproj", "{728505FE-092C-4C07-079D-14CFDC3A9026}"
EndProject
Project("{FAE04EC0-301F-11D3-BF4B-00C04F79EFBC}") = "Unity.AI.Navigation", "Unity.AI.Navigation.Player.csproj", "{BC31EE4F-C0D0-D66B-F00E-21424DF797B6}"
EndProject
Project("{FAE04EC0-301F-11D3-BF4B-00C04F79EFBC}") = "Unity.RenderPipeline.Universal.ShaderLibrary", "Unity.RenderPipeline.Universal.ShaderLibrary.Player.csproj", "{C5F4102B-2A44-51F5-8B44-E42ED5BF6C42}"
EndProject
Project("{FAE04EC0-301F-11D3-BF4B-00C04F79EFBC}") = "Unity.VisualScripting.State", "Unity.VisualScripting.State.Player.csproj", "{04263EAD-2178-E42B-C9E0-F459D84298CD}"
EndProject
Project("{FAE04EC0-301F-11D3-BF4B-00C04F79EFBC}") = "Unity.TextMeshPro", "Unity.TextMeshPro.Player.csproj", "{E9263BA4-4FCE-018A-2DF5-E71BCA3480AD}"
EndProject
Project("{FAE04EC0-301F-11D3-BF4B-00C04F79EFBC}") = "Unity.ProBuilder.Stl", "Unity.ProBuilder.Stl.Player.csproj", "{D3ED01FA-1E9A-6CA5-4EA3-F06298D3ED59}"
EndProject
Project("{FAE04EC0-301F-11D3-BF4B-00C04F79EFBC}") = "Unity.ProBuilder.KdTree", "Unity.ProBuilder.KdTree.Player.csproj", "{6CC07C2A-B696-F4A7-1519-88CD60EA7593}"
EndProject
Project("{FAE04EC0-301F-11D3-BF4B-00C04F79EFBC}") = "Unity.RenderPipelines.ShaderGraph.ShaderGraphLibrary", "Unity.RenderPipelines.ShaderGraph.ShaderGraphLibrary.Player.csproj", "{DD84C5E3-6F59-F758-EB69-57532C8BB0F1}"
EndProject
Project("{FAE04EC0-301F-11D3-BF4B-00C04F79EFBC}") = "Unity.RenderPipelines.Core.ShaderLibrary", "Unity.RenderPipelines.Core.ShaderLibrary.Player.csproj", "{4339E3FE-1063-5663-F070-689F324F486E}"
EndProject
Project("{FAE04EC0-301F-11D3-BF4B-00C04F79EFBC}") = "Unity.RenderPipelines.Universal.Shaders", "Unity.RenderPipelines.Universal.Shaders.Player.csproj", "{DDA9DB62-DE65-6F3A-C019-4D32E5522582}"
EndProject
Global
	GlobalSection(SolutionConfigurationPlatforms) = preSolution
		Debug|Any CPU = Debug|Any CPU
		Release|Any CPU = Release|Any CPU
	EndGlobalSection
	GlobalSection(ProjectConfigurationPlatforms) = postSolution
		{D1DF88A2-7A0A-9B73-5AEB-0A14674D5BC3}.Debug|Any CPU.ActiveCfg = Debug|Any CPU
		{D1DF88A2-7A0A-9B73-5AEB-0A14674D5BC3}.Debug|Any CPU.Build.0 = Debug|Any CPU
		{D1DF88A2-7A0A-9B73-5AEB-0A14674D5BC3}.Release|Any CPU.ActiveCfg = Release|Any CPU
		{D1DF88A2-7A0A-9B73-5AEB-0A14674D5BC3}.Release|Any CPU.Build.0 = Release|Any CPU
		{DF5FF2C8-02A3-58F9-6AD3-6231700A80A7}.Debug|Any CPU.ActiveCfg = Debug|Any CPU
		{DF5FF2C8-02A3-58F9-6AD3-6231700A80A7}.Debug|Any CPU.Build.0 = Debug|Any CPU
		{DF5FF2C8-02A3-58F9-6AD3-6231700A80A7}.Release|Any CPU.ActiveCfg = Release|Any CPU
		{DF5FF2C8-02A3-58F9-6AD3-6231700A80A7}.Release|Any CPU.Build.0 = Release|Any CPU
		{0407831C-E158-3B4C-958C-8764DAAF4515}.Debug|Any CPU.ActiveCfg = Debug|Any CPU
		{0407831C-E158-3B4C-958C-8764DAAF4515}.Debug|Any CPU.Build.0 = Debug|Any CPU
		{0407831C-E158-3B4C-958C-8764DAAF4515}.Release|Any CPU.ActiveCfg = Release|Any CPU
		{0407831C-E158-3B4C-958C-8764DAAF4515}.Release|Any CPU.Build.0 = Release|Any CPU
		{B3CB6EC4-8AC2-58A6-032F-AE5F31E85DD6}.Debug|Any CPU.ActiveCfg = Debug|Any CPU
		{B3CB6EC4-8AC2-58A6-032F-AE5F31E85DD6}.Debug|Any CPU.Build.0 = Debug|Any CPU
		{B3CB6EC4-8AC2-58A6-032F-AE5F31E85DD6}.Release|Any CPU.ActiveCfg = Release|Any CPU
		{B3CB6EC4-8AC2-58A6-032F-AE5F31E85DD6}.Release|Any CPU.Build.0 = Release|Any CPU
		{2FBF4324-2DBD-34A4-326B-2D4909E33BA4}.Debug|Any CPU.ActiveCfg = Debug|Any CPU
		{2FBF4324-2DBD-34A4-326B-2D4909E33BA4}.Debug|Any CPU.Build.0 = Debug|Any CPU
		{2FBF4324-2DBD-34A4-326B-2D4909E33BA4}.Release|Any CPU.ActiveCfg = Release|Any CPU
		{2FBF4324-2DBD-34A4-326B-2D4909E33BA4}.Release|Any CPU.Build.0 = Release|Any CPU
		{3E835B07-DB3D-249C-2F93-9A1387E73721}.Debug|Any CPU.ActiveCfg = Debug|Any CPU
		{3E835B07-DB3D-249C-2F93-9A1387E73721}.Debug|Any CPU.Build.0 = Debug|Any CPU
		{3E835B07-DB3D-249C-2F93-9A1387E73721}.Release|Any CPU.ActiveCfg = Release|Any CPU
		{3E835B07-DB3D-249C-2F93-9A1387E73721}.Release|Any CPU.Build.0 = Release|Any CPU
		{FDA752E3-3AD2-2DDE-A491-27C8E6C86109}.Debug|Any CPU.ActiveCfg = Debug|Any CPU
		{FDA752E3-3AD2-2DDE-A491-27C8E6C86109}.Debug|Any CPU.Build.0 = Debug|Any CPU
		{FDA752E3-3AD2-2DDE-A491-27C8E6C86109}.Release|Any CPU.ActiveCfg = Release|Any CPU
		{FDA752E3-3AD2-2DDE-A491-27C8E6C86109}.Release|Any CPU.Build.0 = Release|Any CPU
		{23A463A8-7DC4-4C09-C46C-EAD3A45575CD}.Debug|Any CPU.ActiveCfg = Debug|Any CPU
		{23A463A8-7DC4-4C09-C46C-EAD3A45575CD}.Debug|Any CPU.Build.0 = Debug|Any CPU
		{23A463A8-7DC4-4C09-C46C-EAD3A45575CD}.Release|Any CPU.ActiveCfg = Release|Any CPU
		{23A463A8-7DC4-4C09-C46C-EAD3A45575CD}.Release|Any CPU.Build.0 = Release|Any CPU
		{934B26A2-5AD9-6FFB-279A-0443269D0CBA}.Debug|Any CPU.ActiveCfg = Debug|Any CPU
		{934B26A2-5AD9-6FFB-279A-0443269D0CBA}.Debug|Any CPU.Build.0 = Debug|Any CPU
		{934B26A2-5AD9-6FFB-279A-0443269D0CBA}.Release|Any CPU.ActiveCfg = Release|Any CPU
		{934B26A2-5AD9-6FFB-279A-0443269D0CBA}.Release|Any CPU.Build.0 = Release|Any CPU
		{942F4627-32AA-36A6-C582-723B630ACF0A}.Debug|Any CPU.ActiveCfg = Debug|Any CPU
		{942F4627-32AA-36A6-C582-723B630ACF0A}.Debug|Any CPU.Build.0 = Debug|Any CPU
		{942F4627-32AA-36A6-C582-723B630ACF0A}.Release|Any CPU.ActiveCfg = Release|Any CPU
		{942F4627-32AA-36A6-C582-723B630ACF0A}.Release|Any CPU.Build.0 = Release|Any CPU
		{E92A53D9-1BD2-A848-DA7A-660EB839BB41}.Debug|Any CPU.ActiveCfg = Debug|Any CPU
		{E92A53D9-1BD2-A848-DA7A-660EB839BB41}.Debug|Any CPU.Build.0 = Debug|Any CPU
		{E92A53D9-1BD2-A848-DA7A-660EB839BB41}.Release|Any CPU.ActiveCfg = Release|Any CPU
		{E92A53D9-1BD2-A848-DA7A-660EB839BB41}.Release|Any CPU.Build.0 = Release|Any CPU
		{39A7015D-F6E5-1F61-3C8E-BFE4527D6879}.Debug|Any CPU.ActiveCfg = Debug|Any CPU
		{39A7015D-F6E5-1F61-3C8E-BFE4527D6879}.Debug|Any CPU.Build.0 = Debug|Any CPU
		{39A7015D-F6E5-1F61-3C8E-BFE4527D6879}.Release|Any CPU.ActiveCfg = Release|Any CPU
		{39A7015D-F6E5-1F61-3C8E-BFE4527D6879}.Release|Any CPU.Build.0 = Release|Any CPU
		{D2CBD4A7-49D6-1985-FB59-E0E076F2F052}.Debug|Any CPU.ActiveCfg = Debug|Any CPU
		{D2CBD4A7-49D6-1985-FB59-E0E076F2F052}.Debug|Any CPU.Build.0 = Debug|Any CPU
		{D2CBD4A7-49D6-1985-FB59-E0E076F2F052}.Release|Any CPU.ActiveCfg = Release|Any CPU
		{D2CBD4A7-49D6-1985-FB59-E0E076F2F052}.Release|Any CPU.Build.0 = Release|Any CPU
		{02DF18AD-A9F2-7027-8158-ECD52E202FDA}.Debug|Any CPU.ActiveCfg = Debug|Any CPU
		{02DF18AD-A9F2-7027-8158-ECD52E202FDA}.Debug|Any CPU.Build.0 = Debug|Any CPU
		{02DF18AD-A9F2-7027-8158-ECD52E202FDA}.Release|Any CPU.ActiveCfg = Release|Any CPU
		{02DF18AD-A9F2-7027-8158-ECD52E202FDA}.Release|Any CPU.Build.0 = Release|Any CPU
		{6C14C8AB-17C4-8212-CF27-2101AD2FB27B}.Debug|Any CPU.ActiveCfg = Debug|Any CPU
		{6C14C8AB-17C4-8212-CF27-2101AD2FB27B}.Debug|Any CPU.Build.0 = Debug|Any CPU
		{6C14C8AB-17C4-8212-CF27-2101AD2FB27B}.Release|Any CPU.ActiveCfg = Release|Any CPU
		{6C14C8AB-17C4-8212-CF27-2101AD2FB27B}.Release|Any CPU.Build.0 = Release|Any CPU
		{32C9EFA0-403F-048A-385A-BBA7F778F0B1}.Debug|Any CPU.ActiveCfg = Debug|Any CPU
		{32C9EFA0-403F-048A-385A-BBA7F778F0B1}.Debug|Any CPU.Build.0 = Debug|Any CPU
		{32C9EFA0-403F-048A-385A-BBA7F778F0B1}.Release|Any CPU.ActiveCfg = Release|Any CPU
		{32C9EFA0-403F-048A-385A-BBA7F778F0B1}.Release|Any CPU.Build.0 = Release|Any CPU
		{4B0ECE56-D3DD-6B2A-B5F1-E8EEBFFA1C12}.Debug|Any CPU.ActiveCfg = Debug|Any CPU
		{4B0ECE56-D3DD-6B2A-B5F1-E8EEBFFA1C12}.Debug|Any CPU.Build.0 = Debug|Any CPU
		{4B0ECE56-D3DD-6B2A-B5F1-E8EEBFFA1C12}.Release|Any CPU.ActiveCfg = Release|Any CPU
		{4B0ECE56-D3DD-6B2A-B5F1-E8EEBFFA1C12}.Release|Any CPU.Build.0 = Release|Any CPU
		{180AA181-DC5C-D17D-BFFC-F7A1A29BE4E5}.Debug|Any CPU.ActiveCfg = Debug|Any CPU
		{180AA181-DC5C-D17D-BFFC-F7A1A29BE4E5}.Debug|Any CPU.Build.0 = Debug|Any CPU
		{180AA181-DC5C-D17D-BFFC-F7A1A29BE4E5}.Release|Any CPU.ActiveCfg = Release|Any CPU
		{180AA181-DC5C-D17D-BFFC-F7A1A29BE4E5}.Release|Any CPU.Build.0 = Release|Any CPU
		{25550F39-B391-CD96-E387-3996462FD6AF}.Debug|Any CPU.ActiveCfg = Debug|Any CPU
		{25550F39-B391-CD96-E387-3996462FD6AF}.Debug|Any CPU.Build.0 = Debug|Any CPU
		{25550F39-B391-CD96-E387-3996462FD6AF}.Release|Any CPU.ActiveCfg = Release|Any CPU
		{25550F39-B391-CD96-E387-3996462FD6AF}.Release|Any CPU.Build.0 = Release|Any CPU
		{0109A16D-76B4-5CCC-D88B-441AEAA34C90}.Debug|Any CPU.ActiveCfg = Debug|Any CPU
		{0109A16D-76B4-5CCC-D88B-441AEAA34C90}.Debug|Any CPU.Build.0 = Debug|Any CPU
		{0109A16D-76B4-5CCC-D88B-441AEAA34C90}.Release|Any CPU.ActiveCfg = Release|Any CPU
		{0109A16D-76B4-5CCC-D88B-441AEAA34C90}.Release|Any CPU.Build.0 = Release|Any CPU
		{44ECE740-8E5A-1BF4-82D3-64246DE638E5}.Debug|Any CPU.ActiveCfg = Debug|Any CPU
		{44ECE740-8E5A-1BF4-82D3-64246DE638E5}.Debug|Any CPU.Build.0 = Debug|Any CPU
		{44ECE740-8E5A-1BF4-82D3-64246DE638E5}.Release|Any CPU.ActiveCfg = Release|Any CPU
		{44ECE740-8E5A-1BF4-82D3-64246DE638E5}.Release|Any CPU.Build.0 = Release|Any CPU
		{FFAC1E56-D4B1-E501-88F6-7A3EFE2F01D6}.Debug|Any CPU.ActiveCfg = Debug|Any CPU
		{FFAC1E56-D4B1-E501-88F6-7A3EFE2F01D6}.Debug|Any CPU.Build.0 = Debug|Any CPU
		{FFAC1E56-D4B1-E501-88F6-7A3EFE2F01D6}.Release|Any CPU.ActiveCfg = Release|Any CPU
		{FFAC1E56-D4B1-E501-88F6-7A3EFE2F01D6}.Release|Any CPU.Build.0 = Release|Any CPU
		{2E40E960-A047-B5B6-3921-3469A526E3B9}.Debug|Any CPU.ActiveCfg = Debug|Any CPU
		{2E40E960-A047-B5B6-3921-3469A526E3B9}.Debug|Any CPU.Build.0 = Debug|Any CPU
		{2E40E960-A047-B5B6-3921-3469A526E3B9}.Release|Any CPU.ActiveCfg = Release|Any CPU
		{2E40E960-A047-B5B6-3921-3469A526E3B9}.Release|Any CPU.Build.0 = Release|Any CPU
		{D9D74FE0-966F-63A1-37B0-6EBD4466A099}.Debug|Any CPU.ActiveCfg = Debug|Any CPU
		{D9D74FE0-966F-63A1-37B0-6EBD4466A099}.Debug|Any CPU.Build.0 = Debug|Any CPU
		{D9D74FE0-966F-63A1-37B0-6EBD4466A099}.Release|Any CPU.ActiveCfg = Release|Any CPU
		{D9D74FE0-966F-63A1-37B0-6EBD4466A099}.Release|Any CPU.Build.0 = Release|Any CPU
		{5922738F-4CAD-14B6-5373-A25FB9100BB6}.Debug|Any CPU.ActiveCfg = Debug|Any CPU
		{5922738F-4CAD-14B6-5373-A25FB9100BB6}.Debug|Any CPU.Build.0 = Debug|Any CPU
		{5922738F-4CAD-14B6-5373-A25FB9100BB6}.Release|Any CPU.ActiveCfg = Release|Any CPU
		{5922738F-4CAD-14B6-5373-A25FB9100BB6}.Release|Any CPU.Build.0 = Release|Any CPU
		{48EB3A0F-B196-7457-A8A6-C6031142F683}.Debug|Any CPU.ActiveCfg = Debug|Any CPU
		{48EB3A0F-B196-7457-A8A6-C6031142F683}.Debug|Any CPU.Build.0 = Debug|Any CPU
		{48EB3A0F-B196-7457-A8A6-C6031142F683}.Release|Any CPU.ActiveCfg = Release|Any CPU
		{48EB3A0F-B196-7457-A8A6-C6031142F683}.Release|Any CPU.Build.0 = Release|Any CPU
		{B6391738-19A4-0725-D0A6-E573D6C18D56}.Debug|Any CPU.ActiveCfg = Debug|Any CPU
		{B6391738-19A4-0725-D0A6-E573D6C18D56}.Debug|Any CPU.Build.0 = Debug|Any CPU
		{B6391738-19A4-0725-D0A6-E573D6C18D56}.Release|Any CPU.ActiveCfg = Release|Any CPU
		{B6391738-19A4-0725-D0A6-E573D6C18D56}.Release|Any CPU.Build.0 = Release|Any CPU
		{67CB0734-FD0D-D775-38B0-B6E1ED1C3386}.Debug|Any CPU.ActiveCfg = Debug|Any CPU
		{67CB0734-FD0D-D775-38B0-B6E1ED1C3386}.Debug|Any CPU.Build.0 = Debug|Any CPU
		{67CB0734-FD0D-D775-38B0-B6E1ED1C3386}.Release|Any CPU.ActiveCfg = Release|Any CPU
		{67CB0734-FD0D-D775-38B0-B6E1ED1C3386}.Release|Any CPU.Build.0 = Release|Any CPU
		{19F30D63-8907-A0BD-FAEB-3DF207EDC5DD}.Debug|Any CPU.ActiveCfg = Debug|Any CPU
		{19F30D63-8907-A0BD-FAEB-3DF207EDC5DD}.Debug|Any CPU.Build.0 = Debug|Any CPU
		{19F30D63-8907-A0BD-FAEB-3DF207EDC5DD}.Release|Any CPU.ActiveCfg = Release|Any CPU
		{19F30D63-8907-A0BD-FAEB-3DF207EDC5DD}.Release|Any CPU.Build.0 = Release|Any CPU
		{46D97279-87AF-3960-4E53-BA8853F3CA63}.Debug|Any CPU.ActiveCfg = Debug|Any CPU
		{46D97279-87AF-3960-4E53-BA8853F3CA63}.Debug|Any CPU.Build.0 = Debug|Any CPU
		{46D97279-87AF-3960-4E53-BA8853F3CA63}.Release|Any CPU.ActiveCfg = Release|Any CPU
		{46D97279-87AF-3960-4E53-BA8853F3CA63}.Release|Any CPU.Build.0 = Release|Any CPU
		{8BD37F80-9DAA-ECD0-9C01-2D7A98612ED8}.Debug|Any CPU.ActiveCfg = Debug|Any CPU
		{8BD37F80-9DAA-ECD0-9C01-2D7A98612ED8}.Debug|Any CPU.Build.0 = Debug|Any CPU
		{8BD37F80-9DAA-ECD0-9C01-2D7A98612ED8}.Release|Any CPU.ActiveCfg = Release|Any CPU
		{8BD37F80-9DAA-ECD0-9C01-2D7A98612ED8}.Release|Any CPU.Build.0 = Release|Any CPU
		{56B07C0F-0BFB-048B-29A3-FAEA2A886DA4}.Debug|Any CPU.ActiveCfg = Debug|Any CPU
		{56B07C0F-0BFB-048B-29A3-FAEA2A886DA4}.Debug|Any CPU.Build.0 = Debug|Any CPU
		{56B07C0F-0BFB-048B-29A3-FAEA2A886DA4}.Release|Any CPU.ActiveCfg = Release|Any CPU
		{56B07C0F-0BFB-048B-29A3-FAEA2A886DA4}.Release|Any CPU.Build.0 = Release|Any CPU
		{D206FA86-E17A-C782-5F69-EC5C87AD47A1}.Debug|Any CPU.ActiveCfg = Debug|Any CPU
		{D206FA86-E17A-C782-5F69-EC5C87AD47A1}.Debug|Any CPU.Build.0 = Debug|Any CPU
		{D206FA86-E17A-C782-5F69-EC5C87AD47A1}.Release|Any CPU.ActiveCfg = Release|Any CPU
		{D206FA86-E17A-C782-5F69-EC5C87AD47A1}.Release|Any CPU.Build.0 = Release|Any CPU
		{F8F34E1F-7D3D-2333-C1D7-EB1973EC863F}.Debug|Any CPU.ActiveCfg = Debug|Any CPU
		{F8F34E1F-7D3D-2333-C1D7-EB1973EC863F}.Debug|Any CPU.Build.0 = Debug|Any CPU
		{F8F34E1F-7D3D-2333-C1D7-EB1973EC863F}.Release|Any CPU.ActiveCfg = Release|Any CPU
		{F8F34E1F-7D3D-2333-C1D7-EB1973EC863F}.Release|Any CPU.Build.0 = Release|Any CPU
		{F5D969EB-66D6-1245-1B5A-4C41FF00E5A4}.Debug|Any CPU.ActiveCfg = Debug|Any CPU
		{F5D969EB-66D6-1245-1B5A-4C41FF00E5A4}.Debug|Any CPU.Build.0 = Debug|Any CPU
		{F5D969EB-66D6-1245-1B5A-4C41FF00E5A4}.Release|Any CPU.ActiveCfg = Release|Any CPU
		{F5D969EB-66D6-1245-1B5A-4C41FF00E5A4}.Release|Any CPU.Build.0 = Release|Any CPU
		{DEB76343-5588-03B4-F1C2-924D73399B69}.Debug|Any CPU.ActiveCfg = Debug|Any CPU
		{DEB76343-5588-03B4-F1C2-924D73399B69}.Debug|Any CPU.Build.0 = Debug|Any CPU
		{DEB76343-5588-03B4-F1C2-924D73399B69}.Release|Any CPU.ActiveCfg = Release|Any CPU
		{DEB76343-5588-03B4-F1C2-924D73399B69}.Release|Any CPU.Build.0 = Release|Any CPU
		{A67B562D-0FBB-2DC5-0D45-D6F6AF7F4189}.Debug|Any CPU.ActiveCfg = Debug|Any CPU
		{A67B562D-0FBB-2DC5-0D45-D6F6AF7F4189}.Debug|Any CPU.Build.0 = Debug|Any CPU
		{A67B562D-0FBB-2DC5-0D45-D6F6AF7F4189}.Release|Any CPU.ActiveCfg = Release|Any CPU
		{A67B562D-0FBB-2DC5-0D45-D6F6AF7F4189}.Release|Any CPU.Build.0 = Release|Any CPU
		{807AAC7D-D973-A2DD-9AB0-AB80791B6459}.Debug|Any CPU.ActiveCfg = Debug|Any CPU
		{807AAC7D-D973-A2DD-9AB0-AB80791B6459}.Debug|Any CPU.Build.0 = Debug|Any CPU
		{807AAC7D-D973-A2DD-9AB0-AB80791B6459}.Release|Any CPU.ActiveCfg = Release|Any CPU
		{807AAC7D-D973-A2DD-9AB0-AB80791B6459}.Release|Any CPU.Build.0 = Release|Any CPU
		{2E32F078-60BA-5998-F2BD-7D0D42592CD4}.Debug|Any CPU.ActiveCfg = Debug|Any CPU
		{2E32F078-60BA-5998-F2BD-7D0D42592CD4}.Debug|Any CPU.Build.0 = Debug|Any CPU
		{2E32F078-60BA-5998-F2BD-7D0D42592CD4}.Release|Any CPU.ActiveCfg = Release|Any CPU
		{2E32F078-60BA-5998-F2BD-7D0D42592CD4}.Release|Any CPU.Build.0 = Release|Any CPU
		{CA0ED872-F5F7-CA43-0050-B66251A54AAF}.Debug|Any CPU.ActiveCfg = Debug|Any CPU
		{CA0ED872-F5F7-CA43-0050-B66251A54AAF}.Debug|Any CPU.Build.0 = Debug|Any CPU
		{CA0ED872-F5F7-CA43-0050-B66251A54AAF}.Release|Any CPU.ActiveCfg = Release|Any CPU
		{CA0ED872-F5F7-CA43-0050-B66251A54AAF}.Release|Any CPU.Build.0 = Release|Any CPU
		{ECE114CA-AED3-08B7-A91E-977AB2FC53F9}.Debug|Any CPU.ActiveCfg = Debug|Any CPU
		{ECE114CA-AED3-08B7-A91E-977AB2FC53F9}.Debug|Any CPU.Build.0 = Debug|Any CPU
		{ECE114CA-AED3-08B7-A91E-977AB2FC53F9}.Release|Any CPU.ActiveCfg = Release|Any CPU
		{ECE114CA-AED3-08B7-A91E-977AB2FC53F9}.Release|Any CPU.Build.0 = Release|Any CPU
		{85EF2562-E8A2-082D-A731-834D3FE915BC}.Debug|Any CPU.ActiveCfg = Debug|Any CPU
		{85EF2562-E8A2-082D-A731-834D3FE915BC}.Debug|Any CPU.Build.0 = Debug|Any CPU
		{85EF2562-E8A2-082D-A731-834D3FE915BC}.Release|Any CPU.ActiveCfg = Release|Any CPU
		{85EF2562-E8A2-082D-A731-834D3FE915BC}.Release|Any CPU.Build.0 = Release|Any CPU
		{2F8FF450-5F46-FC13-28DC-10DB9BBEEE36}.Debug|Any CPU.ActiveCfg = Debug|Any CPU
		{2F8FF450-5F46-FC13-28DC-10DB9BBEEE36}.Debug|Any CPU.Build.0 = Debug|Any CPU
		{2F8FF450-5F46-FC13-28DC-10DB9BBEEE36}.Release|Any CPU.ActiveCfg = Release|Any CPU
		{2F8FF450-5F46-FC13-28DC-10DB9BBEEE36}.Release|Any CPU.Build.0 = Release|Any CPU
		{D8559096-C3AD-D470-AD2D-508A999FF8B1}.Debug|Any CPU.ActiveCfg = Debug|Any CPU
		{D8559096-C3AD-D470-AD2D-508A999FF8B1}.Debug|Any CPU.Build.0 = Debug|Any CPU
		{D8559096-C3AD-D470-AD2D-508A999FF8B1}.Release|Any CPU.ActiveCfg = Release|Any CPU
		{D8559096-C3AD-D470-AD2D-508A999FF8B1}.Release|Any CPU.Build.0 = Release|Any CPU
		{8F8E9ED6-9E3E-9BE5-B287-41FD317CE22F}.Debug|Any CPU.ActiveCfg = Debug|Any CPU
		{8F8E9ED6-9E3E-9BE5-B287-41FD317CE22F}.Debug|Any CPU.Build.0 = Debug|Any CPU
		{8F8E9ED6-9E3E-9BE5-B287-41FD317CE22F}.Release|Any CPU.ActiveCfg = Release|Any CPU
		{8F8E9ED6-9E3E-9BE5-B287-41FD317CE22F}.Release|Any CPU.Build.0 = Release|Any CPU
		{BA6C6AC6-44B1-7070-14E5-3684419FC8DF}.Debug|Any CPU.ActiveCfg = Debug|Any CPU
		{BA6C6AC6-44B1-7070-14E5-3684419FC8DF}.Debug|Any CPU.Build.0 = Debug|Any CPU
		{BA6C6AC6-44B1-7070-14E5-3684419FC8DF}.Release|Any CPU.ActiveCfg = Release|Any CPU
		{BA6C6AC6-44B1-7070-14E5-3684419FC8DF}.Release|Any CPU.Build.0 = Release|Any CPU
		{21B5E74C-4345-A4D7-36B5-79AFACA9002D}.Debug|Any CPU.ActiveCfg = Debug|Any CPU
		{21B5E74C-4345-A4D7-36B5-79AFACA9002D}.Debug|Any CPU.Build.0 = Debug|Any CPU
		{21B5E74C-4345-A4D7-36B5-79AFACA9002D}.Release|Any CPU.ActiveCfg = Release|Any CPU
		{21B5E74C-4345-A4D7-36B5-79AFACA9002D}.Release|Any CPU.Build.0 = Release|Any CPU
		{1F8CB20A-5D20-6F8E-D68A-4003617D7F47}.Debug|Any CPU.ActiveCfg = Debug|Any CPU
		{1F8CB20A-5D20-6F8E-D68A-4003617D7F47}.Debug|Any CPU.Build.0 = Debug|Any CPU
		{1F8CB20A-5D20-6F8E-D68A-4003617D7F47}.Release|Any CPU.ActiveCfg = Release|Any CPU
		{1F8CB20A-5D20-6F8E-D68A-4003617D7F47}.Release|Any CPU.Build.0 = Release|Any CPU
		{11C1020C-CE06-2429-B9FE-7E21569EFE2A}.Debug|Any CPU.ActiveCfg = Debug|Any CPU
		{11C1020C-CE06-2429-B9FE-7E21569EFE2A}.Debug|Any CPU.Build.0 = Debug|Any CPU
		{11C1020C-CE06-2429-B9FE-7E21569EFE2A}.Release|Any CPU.ActiveCfg = Release|Any CPU
		{11C1020C-CE06-2429-B9FE-7E21569EFE2A}.Release|Any CPU.Build.0 = Release|Any CPU
		{2A62F28E-E69E-28B6-15AC-0DC86DC9A64A}.Debug|Any CPU.ActiveCfg = Debug|Any CPU
		{2A62F28E-E69E-28B6-15AC-0DC86DC9A64A}.Debug|Any CPU.Build.0 = Debug|Any CPU
		{2A62F28E-E69E-28B6-15AC-0DC86DC9A64A}.Release|Any CPU.ActiveCfg = Release|Any CPU
		{2A62F28E-E69E-28B6-15AC-0DC86DC9A64A}.Release|Any CPU.Build.0 = Release|Any CPU
		{265314B8-5751-33DE-4D89-1C865B85B87A}.Debug|Any CPU.ActiveCfg = Debug|Any CPU
		{265314B8-5751-33DE-4D89-1C865B85B87A}.Debug|Any CPU.Build.0 = Debug|Any CPU
		{265314B8-5751-33DE-4D89-1C865B85B87A}.Release|Any CPU.ActiveCfg = Release|Any CPU
		{265314B8-5751-33DE-4D89-1C865B85B87A}.Release|Any CPU.Build.0 = Release|Any CPU
		{31E3E40A-DD95-2826-D805-5D3A8AB4643E}.Debug|Any CPU.ActiveCfg = Debug|Any CPU
		{31E3E40A-DD95-2826-D805-5D3A8AB4643E}.Debug|Any CPU.Build.0 = Debug|Any CPU
		{31E3E40A-DD95-2826-D805-5D3A8AB4643E}.Release|Any CPU.ActiveCfg = Release|Any CPU
		{31E3E40A-DD95-2826-D805-5D3A8AB4643E}.Release|Any CPU.Build.0 = Release|Any CPU
		{E498E589-9B54-98B6-01FF-A5CE70E0AAC7}.Debug|Any CPU.ActiveCfg = Debug|Any CPU
		{E498E589-9B54-98B6-01FF-A5CE70E0AAC7}.Debug|Any CPU.Build.0 = Debug|Any CPU
		{E498E589-9B54-98B6-01FF-A5CE70E0AAC7}.Release|Any CPU.ActiveCfg = Release|Any CPU
		{E498E589-9B54-98B6-01FF-A5CE70E0AAC7}.Release|Any CPU.Build.0 = Release|Any CPU
		{27BEF444-654C-A999-7F81-08B7B4408BA6}.Debug|Any CPU.ActiveCfg = Debug|Any CPU
		{27BEF444-654C-A999-7F81-08B7B4408BA6}.Debug|Any CPU.Build.0 = Debug|Any CPU
		{27BEF444-654C-A999-7F81-08B7B4408BA6}.Release|Any CPU.ActiveCfg = Release|Any CPU
		{27BEF444-654C-A999-7F81-08B7B4408BA6}.Release|Any CPU.Build.0 = Release|Any CPU
		{D15D67D8-EBA9-A688-1886-76D457644DC2}.Debug|Any CPU.ActiveCfg = Debug|Any CPU
		{D15D67D8-EBA9-A688-1886-76D457644DC2}.Debug|Any CPU.Build.0 = Debug|Any CPU
		{D15D67D8-EBA9-A688-1886-76D457644DC2}.Release|Any CPU.ActiveCfg = Release|Any CPU
		{D15D67D8-EBA9-A688-1886-76D457644DC2}.Release|Any CPU.Build.0 = Release|Any CPU
		{8F3FE13D-1D95-F61E-126F-40C6D750EDDC}.Debug|Any CPU.ActiveCfg = Debug|Any CPU
		{8F3FE13D-1D95-F61E-126F-40C6D750EDDC}.Debug|Any CPU.Build.0 = Debug|Any CPU
		{8F3FE13D-1D95-F61E-126F-40C6D750EDDC}.Release|Any CPU.ActiveCfg = Release|Any CPU
		{8F3FE13D-1D95-F61E-126F-40C6D750EDDC}.Release|Any CPU.Build.0 = Release|Any CPU
		{D01278B1-F390-ACE8-E2D2-BE1CCB4032A4}.Debug|Any CPU.ActiveCfg = Debug|Any CPU
		{D01278B1-F390-ACE8-E2D2-BE1CCB4032A4}.Debug|Any CPU.Build.0 = Debug|Any CPU
		{D01278B1-F390-ACE8-E2D2-BE1CCB4032A4}.Release|Any CPU.ActiveCfg = Release|Any CPU
		{D01278B1-F390-ACE8-E2D2-BE1CCB4032A4}.Release|Any CPU.Build.0 = Release|Any CPU
		{C392B1AF-1A1B-860D-AAEF-3ACB23492DE2}.Debug|Any CPU.ActiveCfg = Debug|Any CPU
		{C392B1AF-1A1B-860D-AAEF-3ACB23492DE2}.Debug|Any CPU.Build.0 = Debug|Any CPU
		{C392B1AF-1A1B-860D-AAEF-3ACB23492DE2}.Release|Any CPU.ActiveCfg = Release|Any CPU
		{C392B1AF-1A1B-860D-AAEF-3ACB23492DE2}.Release|Any CPU.Build.0 = Release|Any CPU
		{C2F8812F-8390-904C-1F73-CD3552CBC5CE}.Debug|Any CPU.ActiveCfg = Debug|Any CPU
		{C2F8812F-8390-904C-1F73-CD3552CBC5CE}.Debug|Any CPU.Build.0 = Debug|Any CPU
		{C2F8812F-8390-904C-1F73-CD3552CBC5CE}.Release|Any CPU.ActiveCfg = Release|Any CPU
		{C2F8812F-8390-904C-1F73-CD3552CBC5CE}.Release|Any CPU.Build.0 = Release|Any CPU
		{7E2C8841-EB13-65AC-0516-42D5F3585424}.Debug|Any CPU.ActiveCfg = Debug|Any CPU
		{7E2C8841-EB13-65AC-0516-42D5F3585424}.Debug|Any CPU.Build.0 = Debug|Any CPU
		{7E2C8841-EB13-65AC-0516-42D5F3585424}.Release|Any CPU.ActiveCfg = Release|Any CPU
		{7E2C8841-EB13-65AC-0516-42D5F3585424}.Release|Any CPU.Build.0 = Release|Any CPU
		{95C5F111-71AB-0C81-5094-E25C909D948D}.Debug|Any CPU.ActiveCfg = Debug|Any CPU
		{95C5F111-71AB-0C81-5094-E25C909D948D}.Debug|Any CPU.Build.0 = Debug|Any CPU
		{95C5F111-71AB-0C81-5094-E25C909D948D}.Release|Any CPU.ActiveCfg = Release|Any CPU
		{95C5F111-71AB-0C81-5094-E25C909D948D}.Release|Any CPU.Build.0 = Release|Any CPU
		{24C95C1F-2F3D-6559-C53C-69334D2AE670}.Debug|Any CPU.ActiveCfg = Debug|Any CPU
		{24C95C1F-2F3D-6559-C53C-69334D2AE670}.Debug|Any CPU.Build.0 = Debug|Any CPU
		{24C95C1F-2F3D-6559-C53C-69334D2AE670}.Release|Any CPU.ActiveCfg = Release|Any CPU
		{24C95C1F-2F3D-6559-C53C-69334D2AE670}.Release|Any CPU.Build.0 = Release|Any CPU
		{F95CF847-ADA0-FE48-1D7C-C07DB6DA46ED}.Debug|Any CPU.ActiveCfg = Debug|Any CPU
		{F95CF847-ADA0-FE48-1D7C-C07DB6DA46ED}.Debug|Any CPU.Build.0 = Debug|Any CPU
		{F95CF847-ADA0-FE48-1D7C-C07DB6DA46ED}.Release|Any CPU.ActiveCfg = Release|Any CPU
		{F95CF847-ADA0-FE48-1D7C-C07DB6DA46ED}.Release|Any CPU.Build.0 = Release|Any CPU
		{7D039044-6CAD-5497-418E-831AA6DD18E7}.Debug|Any CPU.ActiveCfg = Debug|Any CPU
		{7D039044-6CAD-5497-418E-831AA6DD18E7}.Debug|Any CPU.Build.0 = Debug|Any CPU
		{7D039044-6CAD-5497-418E-831AA6DD18E7}.Release|Any CPU.ActiveCfg = Release|Any CPU
		{7D039044-6CAD-5497-418E-831AA6DD18E7}.Release|Any CPU.Build.0 = Release|Any CPU
		{5D035BCB-E263-51F2-C004-4A2BBA0493B1}.Debug|Any CPU.ActiveCfg = Debug|Any CPU
		{5D035BCB-E263-51F2-C004-4A2BBA0493B1}.Debug|Any CPU.Build.0 = Debug|Any CPU
		{5D035BCB-E263-51F2-C004-4A2BBA0493B1}.Release|Any CPU.ActiveCfg = Release|Any CPU
		{5D035BCB-E263-51F2-C004-4A2BBA0493B1}.Release|Any CPU.Build.0 = Release|Any CPU
		{728505FE-092C-4C07-079D-14CFDC3A9026}.Debug|Any CPU.ActiveCfg = Debug|Any CPU
		{728505FE-092C-4C07-079D-14CFDC3A9026}.Debug|Any CPU.Build.0 = Debug|Any CPU
		{728505FE-092C-4C07-079D-14CFDC3A9026}.Release|Any CPU.ActiveCfg = Release|Any CPU
		{728505FE-092C-4C07-079D-14CFDC3A9026}.Release|Any CPU.Build.0 = Release|Any CPU
		{BC31EE4F-C0D0-D66B-F00E-21424DF797B6}.Debug|Any CPU.ActiveCfg = Debug|Any CPU
		{BC31EE4F-C0D0-D66B-F00E-21424DF797B6}.Debug|Any CPU.Build.0 = Debug|Any CPU
		{BC31EE4F-C0D0-D66B-F00E-21424DF797B6}.Release|Any CPU.ActiveCfg = Release|Any CPU
		{BC31EE4F-C0D0-D66B-F00E-21424DF797B6}.Release|Any CPU.Build.0 = Release|Any CPU
		{C5F4102B-2A44-51F5-8B44-E42ED5BF6C42}.Debug|Any CPU.ActiveCfg = Debug|Any CPU
		{C5F4102B-2A44-51F5-8B44-E42ED5BF6C42}.Debug|Any CPU.Build.0 = Debug|Any CPU
		{C5F4102B-2A44-51F5-8B44-E42ED5BF6C42}.Release|Any CPU.ActiveCfg = Release|Any CPU
		{C5F4102B-2A44-51F5-8B44-E42ED5BF6C42}.Release|Any CPU.Build.0 = Release|Any CPU
		{04263EAD-2178-E42B-C9E0-F459D84298CD}.Debug|Any CPU.ActiveCfg = Debug|Any CPU
		{04263EAD-2178-E42B-C9E0-F459D84298CD}.Debug|Any CPU.Build.0 = Debug|Any CPU
		{04263EAD-2178-E42B-C9E0-F459D84298CD}.Release|Any CPU.ActiveCfg = Release|Any CPU
		{04263EAD-2178-E42B-C9E0-F459D84298CD}.Release|Any CPU.Build.0 = Release|Any CPU
		{E9263BA4-4FCE-018A-2DF5-E71BCA3480AD}.Debug|Any CPU.ActiveCfg = Debug|Any CPU
		{E9263BA4-4FCE-018A-2DF5-E71BCA3480AD}.Debug|Any CPU.Build.0 = Debug|Any CPU
		{E9263BA4-4FCE-018A-2DF5-E71BCA3480AD}.Release|Any CPU.ActiveCfg = Release|Any CPU
		{E9263BA4-4FCE-018A-2DF5-E71BCA3480AD}.Release|Any CPU.Build.0 = Release|Any CPU
		{D3ED01FA-1E9A-6CA5-4EA3-F06298D3ED59}.Debug|Any CPU.ActiveCfg = Debug|Any CPU
		{D3ED01FA-1E9A-6CA5-4EA3-F06298D3ED59}.Debug|Any CPU.Build.0 = Debug|Any CPU
		{D3ED01FA-1E9A-6CA5-4EA3-F06298D3ED59}.Release|Any CPU.ActiveCfg = Release|Any CPU
		{D3ED01FA-1E9A-6CA5-4EA3-F06298D3ED59}.Release|Any CPU.Build.0 = Release|Any CPU
		{6CC07C2A-B696-F4A7-1519-88CD60EA7593}.Debug|Any CPU.ActiveCfg = Debug|Any CPU
		{6CC07C2A-B696-F4A7-1519-88CD60EA7593}.Debug|Any CPU.Build.0 = Debug|Any CPU
		{6CC07C2A-B696-F4A7-1519-88CD60EA7593}.Release|Any CPU.ActiveCfg = Release|Any CPU
		{6CC07C2A-B696-F4A7-1519-88CD60EA7593}.Release|Any CPU.Build.0 = Release|Any CPU
		{DD84C5E3-6F59-F758-EB69-57532C8BB0F1}.Debug|Any CPU.ActiveCfg = Debug|Any CPU
		{DD84C5E3-6F59-F758-EB69-57532C8BB0F1}.Debug|Any CPU.Build.0 = Debug|Any CPU
		{DD84C5E3-6F59-F758-EB69-57532C8BB0F1}.Release|Any CPU.ActiveCfg = Release|Any CPU
		{DD84C5E3-6F59-F758-EB69-57532C8BB0F1}.Release|Any CPU.Build.0 = Release|Any CPU
		{4339E3FE-1063-5663-F070-689F324F486E}.Debug|Any CPU.ActiveCfg = Debug|Any CPU
		{4339E3FE-1063-5663-F070-689F324F486E}.Debug|Any CPU.Build.0 = Debug|Any CPU
		{4339E3FE-1063-5663-F070-689F324F486E}.Release|Any CPU.ActiveCfg = Release|Any CPU
		{4339E3FE-1063-5663-F070-689F324F486E}.Release|Any CPU.Build.0 = Release|Any CPU
		{DDA9DB62-DE65-6F3A-C019-4D32E5522582}.Debug|Any CPU.ActiveCfg = Debug|Any CPU
		{DDA9DB62-DE65-6F3A-C019-4D32E5522582}.Debug|Any CPU.Build.0 = Debug|Any CPU
		{DDA9DB62-DE65-6F3A-C019-4D32E5522582}.Release|Any CPU.ActiveCfg = Release|Any CPU
		{DDA9DB62-DE65-6F3A-C019-4D32E5522582}.Release|Any CPU.Build.0 = Release|Any CPU
	EndGlobalSection
	GlobalSection(SolutionProperties) = preSolution
		HideSolutionNode = FALSE
	EndGlobalSection
EndGlobal
